// !$*UTF8*$!
{
	archiveVersion = 1;
	classes = {
	};
	objectVersion = 46;
	objects = {

/* Begin PBXBuildFile section */
		1CD329681EFE049900858A6D /* main.m in Sources */ = {isa = PBXBuildFile; fileRef = 1CD329671EFE049900858A6D /* main.m */; };
		1CD3296B1EFE049900858A6D /* AppDelegate.m in Sources */ = {isa = PBXBuildFile; fileRef = 1CD3296A1EFE049900858A6D /* AppDelegate.m */; };
		1CD3296E1EFE049900858A6D /* ViewController.m in Sources */ = {isa = PBXBuildFile; fileRef = 1CD3296D1EFE049900858A6D /* ViewController.m */; };
		1CD329711EFE049900858A6D /* Main.storyboard in Resources */ = {isa = PBXBuildFile; fileRef = 1CD3296F1EFE049900858A6D /* Main.storyboard */; };
		1CD329731EFE049900858A6D /* Assets.xcassets in Resources */ = {isa = PBXBuildFile; fileRef = 1CD329721EFE049900858A6D /* Assets.xcassets */; };
		1CD329761EFE049900858A6D /* LaunchScreen.storyboard in Resources */ = {isa = PBXBuildFile; fileRef = 1CD329741EFE049900858A6D /* LaunchScreen.storyboard */; };
		1CD329811EFE049900858A6D /* DiscountCalculatorTests.m in Sources */ = {isa = PBXBuildFile; fileRef = 1CD329801EFE049900858A6D /* DiscountCalculatorTests.m */; };
		1CD3298C1EFE049900858A6D /* DiscountCalculatorUITests.m in Sources */ = {isa = PBXBuildFile; fileRef = 1CD3298B1EFE049900858A6D /* DiscountCalculatorUITests.m */; };
/* End PBXBuildFile section */

/* Begin PBXContainerItemProxy section */
		1CD3297D1EFE049900858A6D /* PBXContainerItemProxy */ = {
			isa = PBXContainerItemProxy;
			containerPortal = 1CD3295B1EFE049900858A6D /* Project object */;
			proxyType = 1;
			remoteGlobalIDString = 1CD329621EFE049900858A6D;
			remoteInfo = DiscountCalculator;
		};
		1CD329881EFE049900858A6D /* PBXContainerItemProxy */ = {
			isa = PBXContainerItemProxy;
			containerPortal = 1CD3295B1EFE049900858A6D /* Project object */;
			proxyType = 1;
			remoteGlobalIDString = 1CD329621EFE049900858A6D;
			remoteInfo = DiscountCalculator;
		};
/* End PBXContainerItemProxy section */

/* Begin PBXFileReference section */
		1CD329631EFE049900858A6D /* DiscountCalculator.app */ = {isa = PBXFileReference; explicitFileType = wrapper.application; includeInIndex = 0; path = DiscountCalculator.app; sourceTree = BUILT_PRODUCTS_DIR; };
		1CD329671EFE049900858A6D /* main.m */ = {isa = PBXFileReference; lastKnownFileType = sourcecode.c.objc; path = main.m; sourceTree = "<group>"; };
		1CD329691EFE049900858A6D /* AppDelegate.h */ = {isa = PBXFileReference; lastKnownFileType = sourcecode.c.h; path = AppDelegate.h; sourceTree = "<group>"; };
		1CD3296A1EFE049900858A6D /* AppDelegate.m */ = {isa = PBXFileReference; lastKnownFileType = sourcecode.c.objc; path = AppDelegate.m; sourceTree = "<group>"; };
		1CD3296C1EFE049900858A6D /* ViewController.h */ = {isa = PBXFileReference; lastKnownFileType = sourcecode.c.h; path = ViewController.h; sourceTree = "<group>"; };
		1CD3296D1EFE049900858A6D /* ViewController.m */ = {isa = PBXFileReference; lastKnownFileType = sourcecode.c.objc; path = ViewController.m; sourceTree = "<group>"; };
		1CD329701EFE049900858A6D /* Base */ = {isa = PBXFileReference; lastKnownFileType = file.storyboard; name = Base; path = Base.lproj/Main.storyboard; sourceTree = "<group>"; };
		1CD329721EFE049900858A6D /* Assets.xcassets */ = {isa = PBXFileReference; lastKnownFileType = folder.assetcatalog; path = Assets.xcassets; sourceTree = "<group>"; };
		1CD329751EFE049900858A6D /* Base */ = {isa = PBXFileReference; lastKnownFileType = file.storyboard; name = Base; path = Base.lproj/LaunchScreen.storyboard; sourceTree = "<group>"; };
		1CD329771EFE049900858A6D /* Info.plist */ = {isa = PBXFileReference; lastKnownFileType = text.plist.xml; path = Info.plist; sourceTree = "<group>"; };
		1CD3297C1EFE049900858A6D /* DiscountCalculatorTests.xctest */ = {isa = PBXFileReference; explicitFileType = wrapper.cfbundle; includeInIndex = 0; path = DiscountCalculatorTests.xctest; sourceTree = BUILT_PRODUCTS_DIR; };
		1CD329801EFE049900858A6D /* DiscountCalculatorTests.m */ = {isa = PBXFileReference; lastKnownFileType = sourcecode.c.objc; path = DiscountCalculatorTests.m; sourceTree = "<group>"; };
		1CD329821EFE049900858A6D /* Info.plist */ = {isa = PBXFileReference; lastKnownFileType = text.plist.xml; path = Info.plist; sourceTree = "<group>"; };
		1CD329871EFE049900858A6D /* DiscountCalculatorUITests.xctest */ = {isa = PBXFileReference; explicitFileType = wrapper.cfbundle; includeInIndex = 0; path = DiscountCalculatorUITests.xctest; sourceTree = BUILT_PRODUCTS_DIR; };
		1CD3298B1EFE049900858A6D /* DiscountCalculatorUITests.m */ = {isa = PBXFileReference; lastKnownFileType = sourcecode.c.objc; path = DiscountCalculatorUITests.m; sourceTree = "<group>"; };
		1CD3298D1EFE049900858A6D /* Info.plist */ = {isa = PBXFileReference; lastKnownFileType = text.plist.xml; path = Info.plist; sourceTree = "<group>"; };
/* End PBXFileReference section */

/* Begin PBXFrameworksBuildPhase section */
		1CD329601EFE049900858A6D /* Frameworks */ = {
			isa = PBXFrameworksBuildPhase;
			buildActionMask = 2147483647;
			files = (
			);
			runOnlyForDeploymentPostprocessing = 0;
		};
		1CD329791EFE049900858A6D /* Frameworks */ = {
			isa = PBXFrameworksBuildPhase;
			buildActionMask = 2147483647;
			files = (
			);
			runOnlyForDeploymentPostprocessing = 0;
		};
		1CD329841EFE049900858A6D /* Frameworks */ = {
			isa = PBXFrameworksBuildPhase;
			buildActionMask = 2147483647;
			files = (
			);
			runOnlyForDeploymentPostprocessing = 0;
		};
/* End PBXFrameworksBuildPhase section */

/* Begin PBXGroup section */
		1CD3295A1EFE049900858A6D = {
			isa = PBXGroup;
			children = (
				1CD329651EFE049900858A6D /* DiscountCalculator */,
				1CD3297F1EFE049900858A6D /* DiscountCalculatorTests */,
				1CD3298A1EFE049900858A6D /* DiscountCalculatorUITests */,
				1CD329641EFE049900858A6D /* Products */,
			);
			sourceTree = "<group>";
		};
		1CD329641EFE049900858A6D /* Products */ = {
			isa = PBXGroup;
			children = (
				1CD329631EFE049900858A6D /* DiscountCalculator.app */,
				1CD3297C1EFE049900858A6D /* DiscountCalculatorTests.xctest */,
				1CD329871EFE049900858A6D /* DiscountCalculatorUITests.xctest */,
			);
			name = Products;
			sourceTree = "<group>";
		};
		1CD329651EFE049900858A6D /* DiscountCalculator */ = {
			isa = PBXGroup;
			children = (
				1CD329691EFE049900858A6D /* AppDelegate.h */,
				1CD3296A1EFE049900858A6D /* AppDelegate.m */,
				1CD3296C1EFE049900858A6D /* ViewController.h */,
				1CD3296D1EFE049900858A6D /* ViewController.m */,
				1CD3296F1EFE049900858A6D /* Main.storyboard */,
				1CD329721EFE049900858A6D /* Assets.xcassets */,
				1CD329741EFE049900858A6D /* LaunchScreen.storyboard */,
				1CD329771EFE049900858A6D /* Info.plist */,
				1CD329661EFE049900858A6D /* Supporting Files */,
			);
			path = DiscountCalculator;
			sourceTree = "<group>";
		};
		1CD329661EFE049900858A6D /* Supporting Files */ = {
			isa = PBXGroup;
			children = (
				1CD329671EFE049900858A6D /* main.m */,
			);
			name = "Supporting Files";
			sourceTree = "<group>";
		};
		1CD3297F1EFE049900858A6D /* DiscountCalculatorTests */ = {
			isa = PBXGroup;
			children = (
				1CD329801EFE049900858A6D /* DiscountCalculatorTests.m */,
				1CD329821EFE049900858A6D /* Info.plist */,
			);
			path = DiscountCalculatorTests;
			sourceTree = "<group>";
		};
		1CD3298A1EFE049900858A6D /* DiscountCalculatorUITests */ = {
			isa = PBXGroup;
			children = (
				1CD3298B1EFE049900858A6D /* DiscountCalculatorUITests.m */,
				1CD3298D1EFE049900858A6D /* Info.plist */,
			);
			path = DiscountCalculatorUITests;
			sourceTree = "<group>";
		};
/* End PBXGroup section */

/* Begin PBXNativeTarget section */
		1CD329621EFE049900858A6D /* DiscountCalculator */ = {
			isa = PBXNativeTarget;
			buildConfigurationList = 1CD329901EFE049900858A6D /* Build configuration list for PBXNativeTarget "DiscountCalculator" */;
			buildPhases = (
				1CD3295F1EFE049900858A6D /* Sources */,
				1CD329601EFE049900858A6D /* Frameworks */,
				1CD329611EFE049900858A6D /* Resources */,
			);
			buildRules = (
			);
			dependencies = (
			);
			name = DiscountCalculator;
			productName = DiscountCalculator;
			productReference = 1CD329631EFE049900858A6D /* DiscountCalculator.app */;
			productType = "com.apple.product-type.application";
		};
		1CD3297B1EFE049900858A6D /* DiscountCalculatorTests */ = {
			isa = PBXNativeTarget;
			buildConfigurationList = 1CD329931EFE049900858A6D /* Build configuration list for PBXNativeTarget "DiscountCalculatorTests" */;
			buildPhases = (
				1CD329781EFE049900858A6D /* Sources */,
				1CD329791EFE049900858A6D /* Frameworks */,
				1CD3297A1EFE049900858A6D /* Resources */,
			);
			buildRules = (
			);
			dependencies = (
				1CD3297E1EFE049900858A6D /* PBXTargetDependency */,
			);
			name = DiscountCalculatorTests;
			productName = DiscountCalculatorTests;
			productReference = 1CD3297C1EFE049900858A6D /* DiscountCalculatorTests.xctest */;
			productType = "com.apple.product-type.bundle.unit-test";
		};
		1CD329861EFE049900858A6D /* DiscountCalculatorUITests */ = {
			isa = PBXNativeTarget;
			buildConfigurationList = 1CD329961EFE049900858A6D /* Build configuration list for PBXNativeTarget "DiscountCalculatorUITests" */;
			buildPhases = (
				1CD329831EFE049900858A6D /* Sources */,
				1CD329841EFE049900858A6D /* Frameworks */,
				1CD329851EFE049900858A6D /* Resources */,
			);
			buildRules = (
			);
			dependencies = (
				1CD329891EFE049900858A6D /* PBXTargetDependency */,
			);
			name = DiscountCalculatorUITests;
			productName = DiscountCalculatorUITests;
			productReference = 1CD329871EFE049900858A6D /* DiscountCalculatorUITests.xctest */;
			productType = "com.apple.product-type.bundle.ui-testing";
		};
/* End PBXNativeTarget section */

/* Begin PBXProject section */
		1CD3295B1EFE049900858A6D /* Project object */ = {
			isa = PBXProject;
			attributes = {
				LastUpgradeCheck = 0830;
				ORGANIZATIONNAME = "JIANCHU XU";
				TargetAttributes = {
					1CD329621EFE049900858A6D = {
						CreatedOnToolsVersion = 8.3.3;
						ProvisioningStyle = Automatic;
					};
					1CD3297B1EFE049900858A6D = {
						CreatedOnToolsVersion = 8.3.3;
						ProvisioningStyle = Automatic;
						TestTargetID = 1CD329621EFE049900858A6D;
					};
					1CD329861EFE049900858A6D = {
						CreatedOnToolsVersion = 8.3.3;
						ProvisioningStyle = Automatic;
						TestTargetID = 1CD329621EFE049900858A6D;
					};
				};
			};
			buildConfigurationList = 1CD3295E1EFE049900858A6D /* Build configuration list for PBXProject "DiscountCalculator" */;
			compatibilityVersion = "Xcode 3.2";
			developmentRegion = English;
			hasScannedForEncodings = 0;
			knownRegions = (
				en,
				Base,
			);
			mainGroup = 1CD3295A1EFE049900858A6D;
			productRefGroup = 1CD329641EFE049900858A6D /* Products */;
			projectDirPath = "";
			projectRoot = "";
			targets = (
				1CD329621EFE049900858A6D /* DiscountCalculator */,
				1CD3297B1EFE049900858A6D /* DiscountCalculatorTests */,
				1CD329861EFE049900858A6D /* DiscountCalculatorUITests */,
			);
		};
/* End PBXProject section */

/* Begin PBXResourcesBuildPhase section */
		1CD329611EFE049900858A6D /* Resources */ = {
			isa = PBXResourcesBuildPhase;
			buildActionMask = 2147483647;
			files = (
				1CD329761EFE049900858A6D /* LaunchScreen.storyboard in Resources */,
				1CD329731EFE049900858A6D /* Assets.xcassets in Resources */,
				1CD329711EFE049900858A6D /* Main.storyboard in Resources */,
			);
			runOnlyForDeploymentPostprocessing = 0;
		};
		1CD3297A1EFE049900858A6D /* Resources */ = {
			isa = PBXResourcesBuildPhase;
			buildActionMask = 2147483647;
			files = (
			);
			runOnlyForDeploymentPostprocessing = 0;
		};
		1CD329851EFE049900858A6D /* Resources */ = {
			isa = PBXResourcesBuildPhase;
			buildActionMask = 2147483647;
			files = (
			);
			runOnlyForDeploymentPostprocessing = 0;
		};
/* End PBXResourcesBuildPhase section */

/* Begin PBXSourcesBuildPhase section */
		1CD3295F1EFE049900858A6D /* Sources */ = {
			isa = PBXSourcesBuildPhase;
			buildActionMask = 2147483647;
			files = (
				1CD3296E1EFE049900858A6D /* ViewController.m in Sources */,
				1CD3296B1EFE049900858A6D /* AppDelegate.m in Sources */,
				1CD329681EFE049900858A6D /* main.m in Sources */,
			);
			runOnlyForDeploymentPostprocessing = 0;
		};
		1CD329781EFE049900858A6D /* Sources */ = {
			isa = PBXSourcesBuildPhase;
			buildActionMask = 2147483647;
			files = (
				1CD329811EFE049900858A6D /* DiscountCalculatorTests.m in Sources */,
			);
			runOnlyForDeploymentPostprocessing = 0;
		};
		1CD329831EFE049900858A6D /* Sources */ = {
			isa = PBXSourcesBuildPhase;
			buildActionMask = 2147483647;
			files = (
				1CD3298C1EFE049900858A6D /* DiscountCalculatorUITests.m in Sources */,
			);
			runOnlyForDeploymentPostprocessing = 0;
		};
/* End PBXSourcesBuildPhase section */

/* Begin PBXTargetDependency section */
		1CD3297E1EFE049900858A6D /* PBXTargetDependency */ = {
			isa = PBXTargetDependency;
			target = 1CD329621EFE049900858A6D /* DiscountCalculator */;
			targetProxy = 1CD3297D1EFE049900858A6D /* PBXContainerItemProxy */;
		};
		1CD329891EFE049900858A6D /* PBXTargetDependency */ = {
			isa = PBXTargetDependency;
			target = 1CD329621EFE049900858A6D /* DiscountCalculator */;
			targetProxy = 1CD329881EFE049900858A6D /* PBXContainerItemProxy */;
		};
/* End PBXTargetDependency section */

/* Begin PBXVariantGroup section */
		1CD3296F1EFE049900858A6D /* Main.storyboard */ = {
			isa = PBXVariantGroup;
			children = (
				1CD329701EFE049900858A6D /* Base */,
			);
			name = Main.storyboard;
			sourceTree = "<group>";
		};
		1CD329741EFE049900858A6D /* LaunchScreen.storyboard */ = {
			isa = PBXVariantGroup;
			children = (
				1CD329751EFE049900858A6D /* Base */,
			);
			name = LaunchScreen.storyboard;
			sourceTree = "<group>";
		};
/* End PBXVariantGroup section */

/* Begin XCBuildConfiguration section */
		1CD3298E1EFE049900858A6D /* Debug */ = {
			isa = XCBuildConfiguration;
			buildSettings = {
				ALWAYS_SEARCH_USER_PATHS = NO;
				CLANG_ANALYZER_NONNULL = YES;
				CLANG_ANALYZER_NUMBER_OBJECT_CONVERSION = YES_AGGRESSIVE;
				CLANG_CXX_LANGUAGE_STANDARD = "gnu++0x";
				CLANG_CXX_LIBRARY = "libc++";
				CLANG_ENABLE_MODULES = YES;
				CLANG_ENABLE_OBJC_ARC = YES;
				CLANG_WARN_BOOL_CONVERSION = YES;
				CLANG_WARN_CONSTANT_CONVERSION = YES;
				CLANG_WARN_DIRECT_OBJC_ISA_USAGE = YES_ERROR;
				CLANG_WARN_DOCUMENTATION_COMMENTS = YES;
				CLANG_WARN_EMPTY_BODY = YES;
				CLANG_WARN_ENUM_CONVERSION = YES;
				CLANG_WARN_INFINITE_RECURSION = YES;
				CLANG_WARN_INT_CONVERSION = YES;
				CLANG_WARN_OBJC_ROOT_CLASS = YES_ERROR;
				CLANG_WARN_SUSPICIOUS_MOVE = YES;
				CLANG_WARN_UNREACHABLE_CODE = YES;
				CLANG_WARN__DUPLICATE_METHOD_MATCH = YES;
				"CODE_SIGN_IDENTITY[sdk=iphoneos*]" = "iPhone Developer";
				COPY_PHASE_STRIP = NO;
				DEBUG_INFORMATION_FORMAT = dwarf;
				ENABLE_STRICT_OBJC_MSGSEND = YES;
				ENABLE_TESTABILITY = YES;
				GCC_C_LANGUAGE_STANDARD = gnu99;
				GCC_DYNAMIC_NO_PIC = NO;
				GCC_NO_COMMON_BLOCKS = YES;
				GCC_OPTIMIZATION_LEVEL = 0;
				GCC_PREPROCESSOR_DEFINITIONS = (
					"DEBUG=1",
					"$(inherited)",
				);
				GCC_WARN_64_TO_32_BIT_CONVERSION = YES;
				GCC_WARN_ABOUT_RETURN_TYPE = YES_ERROR;
				GCC_WARN_UNDECLARED_SELECTOR = YES;
				GCC_WARN_UNINITIALIZED_AUTOS = YES_AGGRESSIVE;
				GCC_WARN_UNUSED_FUNCTION = YES;
				GCC_WARN_UNUSED_VARIABLE = YES;
				IPHONEOS_DEPLOYMENT_TARGET = 10.3;
				MTL_ENABLE_DEBUG_INFO = YES;
				ONLY_ACTIVE_ARCH = YES;
				SDKROOT = iphoneos;
				TARGETED_DEVICE_FAMILY = "1,2";
			};
			name = Debug;
		};
		1CD3298F1EFE049900858A6D /* Release */ = {
			isa = XCBuildConfiguration;
			buildSettings = {
				ALWAYS_SEARCH_USER_PATHS = NO;
				CLANG_ANALYZER_NONNULL = YES;
				CLANG_ANALYZER_NUMBER_OBJECT_CONVERSION = YES_AGGRESSIVE;
				CLANG_CXX_LANGUAGE_STANDARD = "gnu++0x";
				CLANG_CXX_LIBRARY = "libc++";
				CLANG_ENABLE_MODULES = YES;
				CLANG_ENABLE_OBJC_ARC = YES;
				CLANG_WARN_BOOL_CONVERSION = YES;
				CLANG_WARN_CONSTANT_CONVERSION = YES;
				CLANG_WARN_DIRECT_OBJC_ISA_USAGE = YES_ERROR;
				CLANG_WARN_DOCUMENTATION_COMMENTS = YES;
				CLANG_WARN_EMPTY_BODY = YES;
				CLANG_WARN_ENUM_CONVERSION = YES;
				CLANG_WARN_INFINITE_RECURSION = YES;
				CLANG_WARN_INT_CONVERSION = YES;
				CLANG_WARN_OBJC_ROOT_CLASS = YES_ERROR;
				CLANG_WARN_SUSPICIOUS_MOVE = YES;
				CLANG_WARN_UNREACHABLE_CODE = YES;
				CLANG_WARN__DUPLICATE_METHOD_MATCH = YES;
				"CODE_SIGN_IDENTITY[sdk=iphoneos*]" = "iPhone Developer";
				COPY_PHASE_STRIP = NO;
				DEBUG_INFORMATION_FORMAT = "dwarf-with-dsym";
				ENABLE_NS_ASSERTIONS = NO;
				ENABLE_STRICT_OBJC_MSGSEND = YES;
				GCC_C_LANGUAGE_STANDARD = gnu99;
				GCC_NO_COMMON_BLOCKS = YES;
				GCC_WARN_64_TO_32_BIT_CONVERSION = YES;
				GCC_WARN_ABOUT_RETURN_TYPE = YES_ERROR;
				GCC_WARN_UNDECLARED_SELECTOR = YES;
				GCC_WARN_UNINITIALIZED_AUTOS = YES_AGGRESSIVE;
				GCC_WARN_UNUSED_FUNCTION = YES;
				GCC_WARN_UNUSED_VARIABLE = YES;
				IPHONEOS_DEPLOYMENT_TARGET = 10.3;
				MTL_ENABLE_DEBUG_INFO = NO;
				SDKROOT = iphoneos;
				TARGETED_DEVICE_FAMILY = "1,2";
				VALIDATE_PRODUCT = YES;
			};
			name = Release;
		};
		1CD329911EFE049900858A6D /* Debug */ = {
			isa = XCBuildConfiguration;
			buildSettings = {
				ASSETCATALOG_COMPILER_APPICON_NAME = AppIcon;
				INFOPLIST_FILE = DiscountCalculator/Info.plist;
				LD_RUNPATH_SEARCH_PATHS = "$(inherited) @executable_path/Frameworks";
				PRODUCT_BUNDLE_IDENTIFIER = Jianchu.DiscountCalculator;
				PRODUCT_NAME = "$(TARGET_NAME)";
			};
			name = Debug;
		};
		1CD329921EFE049900858A6D /* Release */ = {
			isa = XCBuildConfiguration;
			buildSettings = {
				ASSETCATALOG_COMPILER_APPICON_NAME = AppIcon;
				INFOPLIST_FILE = DiscountCalculator/Info.plist;
				LD_RUNPATH_SEARCH_PATHS = "$(inherited) @executable_path/Frameworks";
				PRODUCT_BUNDLE_IDENTIFIER = Jianchu.DiscountCalculator;
				PRODUCT_NAME = "$(TARGET_NAME)";
			};
			name = Release;
		};
		1CD329941EFE049900858A6D /* Debug */ = {
			isa = XCBuildConfiguration;
			buildSettings = {
				BUNDLE_LOADER = "$(TEST_HOST)";
				INFOPLIST_FILE = DiscountCalculatorTests/Info.plist;
				LD_RUNPATH_SEARCH_PATHS = "$(inherited) @executable_path/Frameworks @loader_path/Frameworks";
				PRODUCT_BUNDLE_IDENTIFIER = Jianchu.DiscountCalculatorTests;
				PRODUCT_NAME = "$(TARGET_NAME)";
				TEST_HOST = "$(BUILT_PRODUCTS_DIR)/DiscountCalculator.app/DiscountCalculator";
			};
			name = Debug;
		};
		1CD329951EFE049900858A6D /* Release */ = {
			isa = XCBuildConfiguration;
			buildSettings = {
				BUNDLE_LOADER = "$(TEST_HOST)";
				INFOPLIST_FILE = DiscountCalculatorTests/Info.plist;
				LD_RUNPATH_SEARCH_PATHS = "$(inherited) @executable_path/Frameworks @loader_path/Frameworks";
				PRODUCT_BUNDLE_IDENTIFIER = Jianchu.DiscountCalculatorTests;
				PRODUCT_NAME = "$(TARGET_NAME)";
				TEST_HOST = "$(BUILT_PRODUCTS_DIR)/DiscountCalculator.app/DiscountCalculator";
			};
			name = Release;
		};
		1CD329971EFE049900858A6D /* Debug */ = {
			isa = XCBuildConfiguration;
			buildSettings = {
				INFOPLIST_FILE = DiscountCalculatorUITests/Info.plist;
				LD_RUNPATH_SEARCH_PATHS = "$(inherited) @executable_path/Frameworks @loader_path/Frameworks";
				PRODUCT_BUNDLE_IDENTIFIER = Jianchu.DiscountCalculatorUITests;
				PRODUCT_NAME = "$(TARGET_NAME)";
				TEST_TARGET_NAME = DiscountCalculator;
			};
			name = Debug;
		};
		1CD329981EFE049900858A6D /* Release */ = {
			isa = XCBuildConfiguration;
			buildSettings = {
				INFOPLIST_FILE = DiscountCalculatorUITests/Info.plist;
				LD_RUNPATH_SEARCH_PATHS = "$(inherited) @executable_path/Frameworks @loader_path/Frameworks";
				PRODUCT_BUNDLE_IDENTIFIER = Jianchu.DiscountCalculatorUITests;
				PRODUCT_NAME = "$(TARGET_NAME)";
				TEST_TARGET_NAME = DiscountCalculator;
			};
			name = Release;
		};
/* End XCBuildConfiguration section */

/* Begin XCConfigurationList section */
		1CD3295E1EFE049900858A6D /* Build configuration list for PBXProject "DiscountCalculator" */ = {
			isa = XCConfigurationList;
			buildConfigurations = (
				1CD3298E1EFE049900858A6D /* Debug */,
				1CD3298F1EFE049900858A6D /* Release */,
			);
			defaultConfigurationIsVisible = 0;
			defaultConfigurationName = Release;
		};
		1CD329901EFE049900858A6D /* Build configuration list for PBXNativeTarget "DiscountCalculator" */ = {
			isa = XCConfigurationList;
			buildConfigurations = (
				1CD329911EFE049900858A6D /* Debug */,
				1CD329921EFE049900858A6D /* Release */,
			);
			defaultConfigurationIsVisible = 0;
			defaultConfigurationName = Release;
		};
		1CD329931EFE049900858A6D /* Build configuration list for PBXNativeTarget "DiscountCalculatorTests" */ = {
			isa = XCConfigurationList;
			buildConfigurations = (
				1CD329941EFE049900858A6D /* Debug */,
				1CD329951EFE049900858A6D /* Release */,
			);
			defaultConfigurationIsVisible = 0;
			defaultConfigurationName = Release;
		};
		1CD329961EFE049900858A6D /* Build configuration list for PBXNativeTarget "DiscountCalculatorUITests" */ = {
			isa = XCConfigurationList;
			buildConfigurations = (
				1CD329971EFE049900858A6D /* Debug */,
				1CD329981EFE049900858A6D /* Release */,
			);
			defaultConfigurationIsVisible = 0;
			defaultConfigurationName = Release;
		};
/* End XCConfigurationList section */
	};
	rootObject = 1CD3295B1EFE049900858A6D /* Project object */;
}
